// !$*UTF8*$!
{
	archiveVersion = 1;
	classes = {
	};
	objectVersion = 77;
	objects = {

/* Begin PBXBuildFile section */
		8A3D4E5F6A7B8C9000000001 /* FieldnotesApp.swift in Sources */ = {isa = PBXBuildFile; fileRef = 8A3D4E5F6A7B8C9000000011 /* FieldnotesApp.swift */; };
		8A3D4E5F6A7B8C9000000002 /* Fieldnote.swift in Sources */ = {isa = PBXBuildFile; fileRef = 8A3D4E5F6A7B8C9000000012 /* Fieldnote.swift */; };
		8A3D4E5F6A7B8C9000000003 /* DesignSystem.swift in Sources */ = {isa = PBXBuildFile; fileRef = 8A3D4E5F6A7B8C9000000013 /* DesignSystem.swift */; };
		8A3D4E5F6A7B8C9000000004 /* ContentView.swift in Sources */ = {isa = PBXBuildFile; fileRef = 8A3D4E5F6A7B8C9000000014 /* ContentView.swift */; };
		8A3D4E5F6A7B8C9000000005 /* EntryEditorView.swift in Sources */ = {isa = PBXBuildFile; fileRef = 8A3D4E5F6A7B8C9000000015 /* EntryEditorView.swift */; };
		8A3D4E5F6A7B8C9000000006 /* EntryCardView.swift in Sources */ = {isa = PBXBuildFile; fileRef = 8A3D4E5F6A7B8C9000000016 /* EntryCardView.swift */; };
		8A3D4E5F6A7B8C9000000007 /* ReflectionCuePanel.swift in Sources */ = {isa = PBXBuildFile; fileRef = 8A3D4E5F6A7B8C9000000017 /* ReflectionCuePanel.swift */; };
		8A3D4E5F6A7B8C9000000008 /* SettingsView.swift in Sources */ = {isa = PBXBuildFile; fileRef = 8A3D4E5F6A7B8C9000000018 /* SettingsView.swift */; };
		9B3D4E5F6A7B8C9000000001 /* FieldnotePersistence.swift in Sources */ = {isa = PBXBuildFile; fileRef = 9B3D4E5F6A7B8C9000000011 /* FieldnotePersistence.swift */; };
		9C3D4E5F6A7B8C9000000001 /* FieldnotePersistenceTests.swift in Sources */ = {isa = PBXBuildFile; fileRef = 9C3D4E5F6A7B8C9000000011 /* FieldnotePersistenceTests.swift */; };
		9D3D4E5F6A7B8C9000000001 /* FieldnotesStore.swift in Sources */ = {isa = PBXBuildFile; fileRef = 9D3D4E5F6A7B8C9000000011 /* FieldnotesStore.swift */; };
		9D3D4E5F6A7B8C9000000002 /* StoreStartupView.swift in Sources */ = {isa = PBXBuildFile; fileRef = 9D3D4E5F6A7B8C9000000012 /* StoreStartupView.swift */; };
		9D3D4E5F6A7B8C9000000003 /* FieldnotesStoreTests.swift in Sources */ = {isa = PBXBuildFile; fileRef = 9D3D4E5F6A7B8C9000000013 /* FieldnotesStoreTests.swift */; };
		9E3D4E5F6A7B8C9000000001 /* PreVersioningStore in Resources */ = {isa = PBXBuildFile; fileRef = 9E3D4E5F6A7B8C9000000011 /* PreVersioningStore */; };
		9F3D4E5F6A7B8C9000000001 /* FieldnotesArchive.swift in Sources */ = {isa = PBXBuildFile; fileRef = 9F3D4E5F6A7B8C9000000011 /* FieldnotesArchive.swift */; };
		A03D4E5F6A7B8C9000000001 /* FieldnotesArchiveTests.swift in Sources */ = {isa = PBXBuildFile; fileRef = A03D4E5F6A7B8C9000000011 /* FieldnotesArchiveTests.swift */; };
		B13D4E5F6A7B8C9000000001 /* PhotoProcessor.swift in Sources */ = {isa = PBXBuildFile; fileRef = B13D4E5F6A7B8C9000000011 /* PhotoProcessor.swift */; };
		D13D4E5F6A7B8C9000000001 /* FieldnoteDomainTests.swift in Sources */ = {isa = PBXBuildFile; fileRef = D13D4E5F6A7B8C9000000011 /* FieldnoteDomainTests.swift */; };
/* End PBXBuildFile section */

/* Begin PBXContainerItemProxy section */
		9C3D4E5F6A7B8C9000000090 /* PBXContainerItemProxy */ = {
			isa = PBXContainerItemProxy;
			containerPortal = 8A3D4E5F6A7B8C9000000040 /* Project object */;
			proxyType = 1;
			remoteGlobalIDString = 8A3D4E5F6A7B8C9000000030;
			remoteInfo = Fieldnotes;
		};
/* End PBXContainerItemProxy section */

/* Begin PBXFileReference section */
		8A3D4E5F6A7B8C9000000010 /* Fieldnotes.app */ = {isa = PBXFileReference; explicitFileType = wrapper.application; includeInIndex = 0; path = Fieldnotes.app; sourceTree = BUILT_PRODUCTS_DIR; };
		8A3D4E5F6A7B8C9000000011 /* FieldnotesApp.swift */ = {isa = PBXFileReference; lastKnownFileType = sourcecode.swift; path = FieldnotesApp.swift; sourceTree = "<group>"; };
		8A3D4E5F6A7B8C9000000012 /* Fieldnote.swift */ = {isa = PBXFileReference; lastKnownFileType = sourcecode.swift; path = Fieldnote.swift; sourceTree = "<group>"; };
		8A3D4E5F6A7B8C9000000013 /* DesignSystem.swift */ = {isa = PBXFileReference; lastKnownFileType = sourcecode.swift; path = DesignSystem.swift; sourceTree = "<group>"; };
		8A3D4E5F6A7B8C9000000014 /* ContentView.swift */ = {isa = PBXFileReference; lastKnownFileType = sourcecode.swift; path = ContentView.swift; sourceTree = "<group>"; };
		8A3D4E5F6A7B8C9000000015 /* EntryEditorView.swift */ = {isa = PBXFileReference; lastKnownFileType = sourcecode.swift; path = EntryEditorView.swift; sourceTree = "<group>"; };
		8A3D4E5F6A7B8C9000000016 /* EntryCardView.swift */ = {isa = PBXFileReference; lastKnownFileType = sourcecode.swift; path = EntryCardView.swift; sourceTree = "<group>"; };
		8A3D4E5F6A7B8C9000000017 /* ReflectionCuePanel.swift */ = {isa = PBXFileReference; lastKnownFileType = sourcecode.swift; path = ReflectionCuePanel.swift; sourceTree = "<group>"; };
		8A3D4E5F6A7B8C9000000018 /* SettingsView.swift */ = {isa = PBXFileReference; lastKnownFileType = sourcecode.swift; path = SettingsView.swift; sourceTree = "<group>"; };
		9B3D4E5F6A7B8C9000000011 /* FieldnotePersistence.swift */ = {isa = PBXFileReference; lastKnownFileType = sourcecode.swift; path = FieldnotePersistence.swift; sourceTree = "<group>"; };
		9C3D4E5F6A7B8C9000000010 /* FieldnotesTests.xctest */ = {isa = PBXFileReference; explicitFileType = wrapper.cfbundle; includeInIndex = 0; path = FieldnotesTests.xctest; sourceTree = BUILT_PRODUCTS_DIR; };
		9C3D4E5F6A7B8C9000000011 /* FieldnotePersistenceTests.swift */ = {isa = PBXFileReference; lastKnownFileType = sourcecode.swift; path = FieldnotePersistenceTests.swift; sourceTree = "<group>"; };
		9D3D4E5F6A7B8C9000000011 /* FieldnotesStore.swift */ = {isa = PBXFileReference; lastKnownFileType = sourcecode.swift; path = FieldnotesStore.swift; sourceTree = "<group>"; };
		9D3D4E5F6A7B8C9000000012 /* StoreStartupView.swift */ = {isa = PBXFileReference; lastKnownFileType = sourcecode.swift; path = StoreStartupView.swift; sourceTree = "<group>"; };
		9D3D4E5F6A7B8C9000000013 /* FieldnotesStoreTests.swift */ = {isa = PBXFileReference; lastKnownFileType = sourcecode.swift; path = FieldnotesStoreTests.swift; sourceTree = "<group>"; };
		9E3D4E5F6A7B8C9000000011 /* PreVersioningStore */ = {isa = PBXFileReference; lastKnownFileType = folder; path = Fixtures/PreVersioningStore; sourceTree = "<group>"; };
		9F3D4E5F6A7B8C9000000011 /* FieldnotesArchive.swift */ = {isa = PBXFileReference; lastKnownFileType = sourcecode.swift; path = FieldnotesArchive.swift; sourceTree = "<group>"; };
		A03D4E5F6A7B8C9000000011 /* FieldnotesArchiveTests.swift */ = {isa = PBXFileReference; lastKnownFileType = sourcecode.swift; path = FieldnotesArchiveTests.swift; sourceTree = "<group>"; };
		B13D4E5F6A7B8C9000000011 /* PhotoProcessor.swift */ = {isa = PBXFileReference; lastKnownFileType = sourcecode.swift; path = PhotoProcessor.swift; sourceTree = "<group>"; };
		D13D4E5F6A7B8C9000000011 /* FieldnoteDomainTests.swift */ = {isa = PBXFileReference; lastKnownFileType = sourcecode.swift; path = FieldnoteDomainTests.swift; sourceTree = "<group>"; };
/* End PBXFileReference section */

/* Begin PBXFrameworksBuildPhase section */
		8A3D4E5F6A7B8C9000000032 /* Frameworks */ = {
			isa = PBXFrameworksBuildPhase;
			buildActionMask = 2147483647;
			files = (
			);
			runOnlyForDeploymentPostprocessing = 0;
		};
		9C3D4E5F6A7B8C9000000032 /* Frameworks */ = {
			isa = PBXFrameworksBuildPhase;
			buildActionMask = 2147483647;
			files = (
			);
			runOnlyForDeploymentPostprocessing = 0;
		};
/* End PBXFrameworksBuildPhase section */

/* Begin PBXGroup section */
		8A3D4E5F6A7B8C9000000020 = {
			isa = PBXGroup;
			children = (
				8A3D4E5F6A7B8C9000000021 /* Fieldnotes */,
				9C3D4E5F6A7B8C9000000021 /* FieldnotesTests */,
				8A3D4E5F6A7B8C9000000026 /* Products */,
			);
			sourceTree = "<group>";
		};
		8A3D4E5F6A7B8C9000000021 /* Fieldnotes */ = {
			isa = PBXGroup;
			children = (
				8A3D4E5F6A7B8C9000000022 /* App */,
				8A3D4E5F6A7B8C9000000023 /* Models */,
				8A3D4E5F6A7B8C9000000024 /* Views */,
				8A3D4E5F6A7B8C9000000025 /* Support */,
			);
			path = Fieldnotes;
			sourceTree = "<group>";
		};
		8A3D4E5F6A7B8C9000000022 /* App */ = {
			isa = PBXGroup;
			children = (
				8A3D4E5F6A7B8C9000000011 /* FieldnotesApp.swift */,
				9D3D4E5F6A7B8C9000000012 /* StoreStartupView.swift */,
			);
			path = App;
			sourceTree = "<group>";
		};
		8A3D4E5F6A7B8C9000000023 /* Models */ = {
			isa = PBXGroup;
			children = (
				8A3D4E5F6A7B8C9000000012 /* Fieldnote.swift */,
			);
			path = Models;
			sourceTree = "<group>";
		};
		8A3D4E5F6A7B8C9000000024 /* Views */ = {
			isa = PBXGroup;
			children = (
				8A3D4E5F6A7B8C9000000014 /* ContentView.swift */,
				8A3D4E5F6A7B8C9000000015 /* EntryEditorView.swift */,
				8A3D4E5F6A7B8C9000000016 /* EntryCardView.swift */,
				8A3D4E5F6A7B8C9000000017 /* ReflectionCuePanel.swift */,
				8A3D4E5F6A7B8C9000000018 /* SettingsView.swift */,
			);
			path = Views;
			sourceTree = "<group>";
		};
		8A3D4E5F6A7B8C9000000025 /* Support */ = {
			isa = PBXGroup;
			children = (
				8A3D4E5F6A7B8C9000000013 /* DesignSystem.swift */,
				9F3D4E5F6A7B8C9000000011 /* FieldnotesArchive.swift */,
				9B3D4E5F6A7B8C9000000011 /* FieldnotePersistence.swift */,
				9D3D4E5F6A7B8C9000000011 /* FieldnotesStore.swift */,
				B13D4E5F6A7B8C9000000011 /* PhotoProcessor.swift */,
			);
			path = Support;
			sourceTree = "<group>";
		};
		8A3D4E5F6A7B8C9000000026 /* Products */ = {
			isa = PBXGroup;
			children = (
				8A3D4E5F6A7B8C9000000010 /* Fieldnotes.app */,
				9C3D4E5F6A7B8C9000000010 /* FieldnotesTests.xctest */,
			);
			name = Products;
			sourceTree = "<group>";
		};
		9C3D4E5F6A7B8C9000000021 /* FieldnotesTests */ = {
			isa = PBXGroup;
			children = (
				9C3D4E5F6A7B8C9000000011 /* FieldnotePersistenceTests.swift */,
				D13D4E5F6A7B8C9000000011 /* FieldnoteDomainTests.swift */,
				A03D4E5F6A7B8C9000000011 /* FieldnotesArchiveTests.swift */,
				9D3D4E5F6A7B8C9000000013 /* FieldnotesStoreTests.swift */,
				9E3D4E5F6A7B8C9000000011 /* PreVersioningStore */,
			);
			path = FieldnotesTests;
			sourceTree = "<group>";
		};
/* End PBXGroup section */

/* Begin PBXNativeTarget section */
		8A3D4E5F6A7B8C9000000030 /* Fieldnotes */ = {
			isa = PBXNativeTarget;
			buildConfigurationList = 8A3D4E5F6A7B8C9000000060 /* Build configuration list for PBXNativeTarget "Fieldnotes" */;
			buildPhases = (
				8A3D4E5F6A7B8C9000000031 /* Sources */,
				8A3D4E5F6A7B8C9000000032 /* Frameworks */,
				8A3D4E5F6A7B8C9000000033 /* Resources */,
			);
			buildRules = (
			);
			dependencies = (
			);
			name = Fieldnotes;
			productName = Fieldnotes;
			productReference = 8A3D4E5F6A7B8C9000000010 /* Fieldnotes.app */;
			productType = "com.apple.product-type.application";
		};
		9C3D4E5F6A7B8C9000000030 /* FieldnotesTests */ = {
			isa = PBXNativeTarget;
			buildConfigurationList = 9C3D4E5F6A7B8C9000000060 /* Build configuration list for PBXNativeTarget "FieldnotesTests" */;
			buildPhases = (
				9C3D4E5F6A7B8C9000000031 /* Sources */,
				9C3D4E5F6A7B8C9000000032 /* Frameworks */,
				9C3D4E5F6A7B8C9000000033 /* Resources */,
			);
			buildRules = (
			);
			dependencies = (
				9C3D4E5F6A7B8C9000000091 /* PBXTargetDependency */,
			);
			name = FieldnotesTests;
			productName = FieldnotesTests;
			productReference = 9C3D4E5F6A7B8C9000000010 /* FieldnotesTests.xctest */;
			productType = "com.apple.product-type.bundle.unit-test";
		};
/* End PBXNativeTarget section */

/* Begin PBXProject section */
		8A3D4E5F6A7B8C9000000040 /* Project object */ = {
			isa = PBXProject;
			attributes = {
				BuildIndependentTargetsInParallel = 1;
				LastSwiftUpdateCheck = 2650;
				LastUpgradeCheck = 2650;
				TargetAttributes = {
					8A3D4E5F6A7B8C9000000030 = {
						CreatedOnToolsVersion = 26.5;
					};
					9C3D4E5F6A7B8C9000000030 = {
						CreatedOnToolsVersion = 26.5;
						TestTargetID = 8A3D4E5F6A7B8C9000000030;
					};
				};
			};
			buildConfigurationList = 8A3D4E5F6A7B8C9000000050 /* Build configuration list for PBXProject "Fieldnotes" */;
			developmentRegion = en;
			hasScannedForEncodings = 0;
			knownRegions = (
				en,
				Base,
			);
			mainGroup = 8A3D4E5F6A7B8C9000000020;
			minimizedProjectReferenceProxies = 1;
			preferredProjectObjectVersion = 77;
			productRefGroup = 8A3D4E5F6A7B8C9000000026 /* Products */;
			projectDirPath = "";
			projectRoot = "";
			targets = (
				8A3D4E5F6A7B8C9000000030 /* Fieldnotes */,
				9C3D4E5F6A7B8C9000000030 /* FieldnotesTests */,
			);
		};
/* End PBXProject section */

/* Begin PBXResourcesBuildPhase section */
		8A3D4E5F6A7B8C9000000033 /* Resources */ = {
			isa = PBXResourcesBuildPhase;
			buildActionMask = 2147483647;
			files = (
			);
			runOnlyForDeploymentPostprocessing = 0;
		};
		9C3D4E5F6A7B8C9000000033 /* Resources */ = {
			isa = PBXResourcesBuildPhase;
			buildActionMask = 2147483647;
			files = (
				9E3D4E5F6A7B8C9000000001 /* PreVersioningStore in Resources */,
			);
			runOnlyForDeploymentPostprocessing = 0;
		};
/* End PBXResourcesBuildPhase section */

/* Begin PBXSourcesBuildPhase section */
		8A3D4E5F6A7B8C9000000031 /* Sources */ = {
			isa = PBXSourcesBuildPhase;
			buildActionMask = 2147483647;
			files = (
				8A3D4E5F6A7B8C9000000001 /* FieldnotesApp.swift in Sources */,
				8A3D4E5F6A7B8C9000000002 /* Fieldnote.swift in Sources */,
				8A3D4E5F6A7B8C9000000003 /* DesignSystem.swift in Sources */,
				8A3D4E5F6A7B8C9000000004 /* ContentView.swift in Sources */,
				8A3D4E5F6A7B8C9000000005 /* EntryEditorView.swift in Sources */,
				8A3D4E5F6A7B8C9000000006 /* EntryCardView.swift in Sources */,
				8A3D4E5F6A7B8C9000000007 /* ReflectionCuePanel.swift in Sources */,
				8A3D4E5F6A7B8C9000000008 /* SettingsView.swift in Sources */,
				9B3D4E5F6A7B8C9000000001 /* FieldnotePersistence.swift in Sources */,
				9F3D4E5F6A7B8C9000000001 /* FieldnotesArchive.swift in Sources */,
				9D3D4E5F6A7B8C9000000001 /* FieldnotesStore.swift in Sources */,
				9D3D4E5F6A7B8C9000000002 /* StoreStartupView.swift in Sources */,
				B13D4E5F6A7B8C9000000001 /* PhotoProcessor.swift in Sources */,
			);
			runOnlyForDeploymentPostprocessing = 0;
		};
		9C3D4E5F6A7B8C9000000031 /* Sources */ = {
			isa = PBXSourcesBuildPhase;
			buildActionMask = 2147483647;
			files = (
				9C3D4E5F6A7B8C9000000001 /* FieldnotePersistenceTests.swift in Sources */,
				D13D4E5F6A7B8C9000000001 /* FieldnoteDomainTests.swift in Sources */,
				A03D4E5F6A7B8C9000000001 /* FieldnotesArchiveTests.swift in Sources */,
				9D3D4E5F6A7B8C9000000003 /* FieldnotesStoreTests.swift in Sources */,
			);
			runOnlyForDeploymentPostprocessing = 0;
		};
/* End PBXSourcesBuildPhase section */

/* Begin PBXTargetDependency section */
		9C3D4E5F6A7B8C9000000091 /* PBXTargetDependency */ = {
			isa = PBXTargetDependency;
			target = 8A3D4E5F6A7B8C9000000030 /* Fieldnotes */;
			targetProxy = 9C3D4E5F6A7B8C9000000090 /* PBXContainerItemProxy */;
		};
/* End PBXTargetDependency section */

/* Begin XCBuildConfiguration section */
		8A3D4E5F6A7B8C9000000051 /* Debug */ = {
			isa = XCBuildConfiguration;
			buildSettings = {
				ALWAYS_SEARCH_USER_PATHS = NO;
				CLANG_ANALYZER_NONNULL = YES;
				CLANG_ANALYZER_NUMBER_OBJECT_CONVERSION = YES_AGGRESSIVE;
				CLANG_CXX_LANGUAGE_STANDARD = "gnu++20";
				CLANG_ENABLE_MODULES = YES;
				CLANG_ENABLE_OBJC_ARC = YES;
				CLANG_ENABLE_OBJC_WEAK = YES;
				CLANG_WARN_BLOCK_CAPTURE_AUTORELEASING = YES;
				CLANG_WARN_BOOL_CONVERSION = YES;
				CLANG_WARN_COMMA = YES;
				CLANG_WARN_CONSTANT_CONVERSION = YES;
				CLANG_WARN_DEPRECATED_OBJC_IMPLEMENTATIONS = YES;
				CLANG_WARN_DIRECT_OBJC_ISA_USAGE = YES_ERROR;
				CLANG_WARN_DOCUMENTATION_COMMENTS = YES;
				CLANG_WARN_EMPTY_BODY = YES;
				CLANG_WARN_ENUM_CONVERSION = YES;
				CLANG_WARN_INFINITE_RECURSION = YES;
				CLANG_WARN_INT_CONVERSION = YES;
				CLANG_WARN_NON_LITERAL_NULL_CONVERSION = YES;
				CLANG_WARN_OBJC_IMPLICIT_RETAIN_SELF = YES;
				CLANG_WARN_OBJC_LITERAL_CONVERSION = YES;
				CLANG_WARN_OBJC_ROOT_CLASS = YES_ERROR;
				CLANG_WARN_QUOTED_INCLUDE_IN_FRAMEWORK_HEADER = YES;
				CLANG_WARN_RANGE_LOOP_ANALYSIS = YES;
				CLANG_WARN_STRICT_PROTOTYPES = YES;
				CLANG_WARN_SUSPICIOUS_MOVE = YES;
				CLANG_WARN_UNGUARDED_AVAILABILITY = YES_AGGRESSIVE;
				CLANG_WARN_UNREACHABLE_CODE = YES;
				CLANG_WARN__DUPLICATE_METHOD_MATCH = YES;
				COPY_PHASE_STRIP = NO;
				DEBUG_INFORMATION_FORMAT = dwarf;
				ENABLE_STRICT_OBJC_MSGSEND = YES;
				ENABLE_TESTABILITY = YES;
				ENABLE_USER_SCRIPT_SANDBOXING = YES;
				GCC_C_LANGUAGE_STANDARD = gnu17;
				GCC_DYNAMIC_NO_PIC = NO;
				GCC_NO_COMMON_BLOCKS = YES;
				GCC_OPTIMIZATION_LEVEL = 0;
				GCC_PREPROCESSOR_DEFINITIONS = (
					"DEBUG=1",
					"$(inherited)",
				);
				GCC_WARN_64_TO_32_BIT_CONVERSION = YES;
				GCC_WARN_ABOUT_RETURN_TYPE = YES_ERROR;
				GCC_WARN_UNDECLARED_SELECTOR = YES;
				GCC_WARN_UNINITIALIZED_AUTOS = YES_AGGRESSIVE;
				GCC_WARN_UNUSED_FUNCTION = YES;
				GCC_WARN_UNUSED_VARIABLE = YES;
				IPHONEOS_DEPLOYMENT_TARGET = 26.0;
				LOCALIZATION_PREFERS_STRING_CATALOGS = YES;
				MTL_ENABLE_DEBUG_INFO = INCLUDE_SOURCE;
				MTL_FAST_MATH = YES;
				ONLY_ACTIVE_ARCH = YES;
				SDKROOT = iphoneos;
				SWIFT_ACTIVE_COMPILATION_CONDITIONS = "DEBUG $(inherited)";
				SWIFT_OPTIMIZATION_LEVEL = "-Onone";
			};
			name = Debug;
		};
		8A3D4E5F6A7B8C9000000052 /* Release */ = {
			isa = XCBuildConfiguration;
			buildSettings = {
				ALWAYS_SEARCH_USER_PATHS = NO;
				CLANG_ANALYZER_NONNULL = YES;
				CLANG_ANALYZER_NUMBER_OBJECT_CONVERSION = YES_AGGRESSIVE;
				CLANG_CXX_LANGUAGE_STANDARD = "gnu++20";
				CLANG_ENABLE_MODULES = YES;
				CLANG_ENABLE_OBJC_ARC = YES;
				CLANG_ENABLE_OBJC_WEAK = YES;
				CLANG_WARN_BLOCK_CAPTURE_AUTORELEASING = YES;
				CLANG_WARN_BOOL_CONVERSION = YES;
				CLANG_WARN_COMMA = YES;
				CLANG_WARN_CONSTANT_CONVERSION = YES;
				CLANG_WARN_DEPRECATED_OBJC_IMPLEMENTATIONS = YES;
				CLANG_WARN_DIRECT_OBJC_ISA_USAGE = YES_ERROR;
				CLANG_WARN_DOCUMENTATION_COMMENTS = YES;
				CLANG_WARN_EMPTY_BODY = YES;
				CLANG_WARN_ENUM_CONVERSION = YES;
				CLANG_WARN_INFINITE_RECURSION = YES;
				CLANG_WARN_INT_CONVERSION = YES;
				CLANG_WARN_NON_LITERAL_NULL_CONVERSION = YES;
				CLANG_WARN_OBJC_IMPLICIT_RETAIN_SELF = YES;
				CLANG_WARN_OBJC_LITERAL_CONVERSION = YES;
				CLANG_WARN_OBJC_ROOT_CLASS = YES_ERROR;
				CLANG_WARN_QUOTED_INCLUDE_IN_FRAMEWORK_HEADER = YES;
				CLANG_WARN_RANGE_LOOP_ANALYSIS = YES;
				CLANG_WARN_STRICT_PROTOTYPES = YES;
				CLANG_WARN_SUSPICIOUS_MOVE = YES;
				CLANG_WARN_UNGUARDED_AVAILABILITY = YES_AGGRESSIVE;
				CLANG_WARN_UNREACHABLE_CODE = YES;
				CLANG_WARN__DUPLICATE_METHOD_MATCH = YES;
				COPY_PHASE_STRIP = NO;
				DEBUG_INFORMATION_FORMAT = "dwarf-with-dsym";
				ENABLE_NS_ASSERTIONS = NO;
				ENABLE_STRICT_OBJC_MSGSEND = YES;
				ENABLE_USER_SCRIPT_SANDBOXING = YES;
				GCC_C_LANGUAGE_STANDARD = gnu17;
				GCC_NO_COMMON_BLOCKS = YES;
				GCC_WARN_64_TO_32_BIT_CONVERSION = YES;
				GCC_WARN_ABOUT_RETURN_TYPE = YES_ERROR;
				GCC_WARN_UNDECLARED_SELECTOR = YES;
				GCC_WARN_UNINITIALIZED_AUTOS = YES_AGGRESSIVE;
				GCC_WARN_UNUSED_FUNCTION = YES;
				GCC_WARN_UNUSED_VARIABLE = YES;
				IPHONEOS_DEPLOYMENT_TARGET = 26.0;
				LOCALIZATION_PREFERS_STRING_CATALOGS = YES;
				MTL_ENABLE_DEBUG_INFO = NO;
				MTL_FAST_MATH = YES;
				SDKROOT = iphoneos;
				SWIFT_COMPILATION_MODE = wholemodule;
				VALIDATE_PRODUCT = YES;
			};
			name = Release;
		};
		8A3D4E5F6A7B8C9000000061 /* Debug */ = {
			isa = XCBuildConfiguration;
			buildSettings = {
				ASSETCATALOG_COMPILER_GLOBAL_ACCENT_COLOR_NAME = AccentColor;
				CODE_SIGN_STYLE = Automatic;
				CURRENT_PROJECT_VERSION = 1;
				DEVELOPMENT_ASSET_PATHS = "";
				DEVELOPMENT_TEAM = URC5S66S2D;
				ENABLE_PREVIEWS = YES;
				GENERATE_INFOPLIST_FILE = YES;
				INFOPLIST_KEY_NSCameraUsageDescription = "Fieldnotes lets you take one photo to attach to a note.";
				INFOPLIST_KEY_NSMicrophoneUsageDescription = "Fieldnotes lets you dictate a fieldnote when you hold the voice button.";
				INFOPLIST_KEY_NSPhotoLibraryUsageDescription = "Fieldnotes lets you attach one photo to a note when you choose one.";
				INFOPLIST_KEY_NSSpeechRecognitionUsageDescription = "Fieldnotes uses speech recognition to turn your spoken fieldnote into text.";
				INFOPLIST_KEY_UIApplicationSceneManifest_Generation = YES;
				INFOPLIST_KEY_UIApplicationSupportsIndirectInputEvents = YES;
				INFOPLIST_KEY_UILaunchScreen_Generation = YES;
				INFOPLIST_KEY_UISupportedInterfaceOrientations = "UIInterfaceOrientationPortrait UIInterfaceOrientationLandscapeLeft UIInterfaceOrientationLandscapeRight";
				INFOPLIST_KEY_UISupportedInterfaceOrientations_iPad = "UIInterfaceOrientationPortrait UIInterfaceOrientationPortraitUpsideDown UIInterfaceOrientationLandscapeLeft UIInterfaceOrientationLandscapeRight";
				INFOPLIST_KEY_UISupportedInterfaceOrientations_iPhone = "UIInterfaceOrientationPortrait UIInterfaceOrientationLandscapeLeft UIInterfaceOrientationLandscapeRight";
				LD_RUNPATH_SEARCH_PATHS = (
					"$(inherited)",
					"@executable_path/Frameworks",
				);
				MARKETING_VERSION = 1.0;
				PRODUCT_BUNDLE_IDENTIFIER = com.schalkneethling.fieldnotes;
				PRODUCT_NAME = "$(TARGET_NAME)";
				SUPPORTED_PLATFORMS = "iphoneos iphonesimulator";
				SUPPORTS_MACCATALYST = NO;
				SUPPORTS_MAC_DESIGNED_FOR_IPHONE_IPAD = NO;
				SWIFT_EMIT_LOC_STRINGS = YES;
				SWIFT_VERSION = 5.0;
				TARGETED_DEVICE_FAMILY = "1,2";
			};
			name = Debug;
		};
		8A3D4E5F6A7B8C9000000062 /* Release */ = {
			isa = XCBuildConfiguration;
			buildSettings = {
				ASSETCATALOG_COMPILER_GLOBAL_ACCENT_COLOR_NAME = AccentColor;
				CODE_SIGN_STYLE = Automatic;
				CURRENT_PROJECT_VERSION = 1;
				DEVELOPMENT_ASSET_PATHS = "";
				DEVELOPMENT_TEAM = URC5S66S2D;
				ENABLE_PREVIEWS = YES;
				GENERATE_INFOPLIST_FILE = YES;
				INFOPLIST_KEY_NSCameraUsageDescription = "Fieldnotes lets you take one photo to attach to a note.";
				INFOPLIST_KEY_NSMicrophoneUsageDescription = "Fieldnotes lets you dictate a fieldnote when you hold the voice button.";
				INFOPLIST_KEY_NSPhotoLibraryUsageDescription = "Fieldnotes lets you attach one photo to a note when you choose one.";
				INFOPLIST_KEY_NSSpeechRecognitionUsageDescription = "Fieldnotes uses speech recognition to turn your spoken fieldnote into text.";
				INFOPLIST_KEY_UIApplicationSceneManifest_Generation = YES;
				INFOPLIST_KEY_UIApplicationSupportsIndirectInputEvents = YES;
				INFOPLIST_KEY_UILaunchScreen_Generation = YES;
				INFOPLIST_KEY_UISupportedInterfaceOrientations = "UIInterfaceOrientationPortrait UIInterfaceOrientationLandscapeLeft UIInterfaceOrientationLandscapeRight";
				INFOPLIST_KEY_UISupportedInterfaceOrientations_iPad = "UIInterfaceOrientationPortrait UIInterfaceOrientationPortraitUpsideDown UIInterfaceOrientationLandscapeLeft UIInterfaceOrientationLandscapeRight";
				INFOPLIST_KEY_UISupportedInterfaceOrientations_iPhone = "UIInterfaceOrientationPortrait UIInterfaceOrientationLandscapeLeft UIInterfaceOrientationLandscapeRight";
				LD_RUNPATH_SEARCH_PATHS = (
					"$(inherited)",
					"@executable_path/Frameworks",
				);
				MARKETING_VERSION = 1.0;
				PRODUCT_BUNDLE_IDENTIFIER = com.schalkneethling.fieldnotes;
				PRODUCT_NAME = "$(TARGET_NAME)";
				SUPPORTED_PLATFORMS = "iphoneos iphonesimulator";
				SUPPORTS_MACCATALYST = NO;
				SUPPORTS_MAC_DESIGNED_FOR_IPHONE_IPAD = NO;
				SWIFT_EMIT_LOC_STRINGS = YES;
				SWIFT_VERSION = 5.0;
				TARGETED_DEVICE_FAMILY = "1,2";
			};
			name = Release;
		};
		9C3D4E5F6A7B8C9000000061 /* Debug */ = {
			isa = XCBuildConfiguration;
			buildSettings = {
				BUNDLE_LOADER = "$(TEST_HOST)";
				CODE_SIGN_STYLE = Automatic;
				CURRENT_PROJECT_VERSION = 1;
				DEVELOPMENT_TEAM = URC5S66S2D;
				GENERATE_INFOPLIST_FILE = YES;
				IPHONEOS_DEPLOYMENT_TARGET = 26.0;
				MARKETING_VERSION = 1.0;
				PRODUCT_BUNDLE_IDENTIFIER = com.schalkneethling.fieldnotes.tests;
				PRODUCT_NAME = "$(TARGET_NAME)";
				SWIFT_VERSION = 5.0;
				TARGETED_DEVICE_FAMILY = "1,2";
				TEST_HOST = "$(BUILT_PRODUCTS_DIR)/Fieldnotes.app/$(BUNDLE_EXECUTABLE_FOLDER_PATH)/Fieldnotes";
			};
			name = Debug;
		};
		9C3D4E5F6A7B8C9000000062 /* Release */ = {
			isa = XCBuildConfiguration;
			buildSettings = {
				BUNDLE_LOADER = "$(TEST_HOST)";
				CODE_SIGN_STYLE = Automatic;
				CURRENT_PROJECT_VERSION = 1;
				DEVELOPMENT_TEAM = URC5S66S2D;
				GENERATE_INFOPLIST_FILE = YES;
				IPHONEOS_DEPLOYMENT_TARGET = 26.0;
				MARKETING_VERSION = 1.0;
				PRODUCT_BUNDLE_IDENTIFIER = com.schalkneethling.fieldnotes.tests;
				PRODUCT_NAME = "$(TARGET_NAME)";
				SWIFT_VERSION = 5.0;
				TARGETED_DEVICE_FAMILY = "1,2";
				TEST_HOST = "$(BUILT_PRODUCTS_DIR)/Fieldnotes.app/$(BUNDLE_EXECUTABLE_FOLDER_PATH)/Fieldnotes";
			};
			name = Release;
		};
/* End XCBuildConfiguration section */

/* Begin XCConfigurationList section */
		8A3D4E5F6A7B8C9000000050 /* Build configuration list for PBXProject "Fieldnotes" */ = {
			isa = XCConfigurationList;
			buildConfigurations = (
				8A3D4E5F6A7B8C9000000051 /* Debug */,
				8A3D4E5F6A7B8C9000000052 /* Release */,
			);
			defaultConfigurationIsVisible = 0;
			defaultConfigurationName = Release;
		};
		8A3D4E5F6A7B8C9000000060 /* Build configuration list for PBXNativeTarget "Fieldnotes" */ = {
			isa = XCConfigurationList;
			buildConfigurations = (
				8A3D4E5F6A7B8C9000000061 /* Debug */,
				8A3D4E5F6A7B8C9000000062 /* Release */,
			);
			defaultConfigurationIsVisible = 0;
			defaultConfigurationName = Release;
		};
		9C3D4E5F6A7B8C9000000060 /* Build configuration list for PBXNativeTarget "FieldnotesTests" */ = {
			isa = XCConfigurationList;
			buildConfigurations = (
				9C3D4E5F6A7B8C9000000061 /* Debug */,
				9C3D4E5F6A7B8C9000000062 /* Release */,
			);
			defaultConfigurationIsVisible = 0;
			defaultConfigurationName = Release;
		};
/* End XCConfigurationList section */
	};
	rootObject = 8A3D4E5F6A7B8C9000000040 /* Project object */;
}
